
Microsoft Visual Studio Solution File, Format Version 12.00
Project("{FAE04EC0-301F-11D3-BF4B-00C04F79EFBC}") = "Domain", "src\Domain\Domain.csproj", "{7265E805-6AD7-46DB-86A4-8B08BAD70167}"
EndProject
Project("{FAE04EC0-301F-11D3-BF4B-00C04F79EFBC}") = "Application", "src\Application\Application.csproj", "{94075130-6FE4-400B-9E0A-F984774C4EB6}"
EndProject
Project("{FAE04EC0-301F-11D3-BF4B-00C04F79EFBC}") = "Infrastructure", "src\Infrastructure\Infrastructure.csproj", "{C8D94DE3-ECEE-4ABA-B0B7-F430DA109D45}"
EndProject
Project("{FAE04EC0-301F-11D3-BF4B-00C04F79EFBC}") = "Web", "src\Web\Web.csproj", "{BAE4EA20-FCD0-4DFB-AD75-615B704CF261}"
EndProject
Global
	GlobalSection(SolutionConfigurationPlatforms) = preSolution
		Debug|Any CPU = Debug|Any CPU
		Debug|x64 = Debug|x64
		Debug|x86 = Debug|x86
		Release|Any CPU = Release|Any CPU
		Release|x64 = Release|x64
		Release|x86 = Release|x86
	EndGlobalSection
	GlobalSection(ProjectConfigurationPlatforms) = postSolution
		{7265E805-6AD7-46DB-86A4-8B08BAD70167}.Debug|Any CPU.ActiveCfg = Debug|Any CPU
		{7265E805-6AD7-46DB-86A4-8B08BAD70167}.Debug|Any CPU.Build.0 = Debug|Any CPU
		{7265E805-6AD7-46DB-86A4-8B08BAD70167}.Debug|x64.ActiveCfg = Debug|Any CPU
		{7265E805-6AD7-46DB-86A4-8B08BAD70167}.Debug|x64.Build.0 = Debug|Any CPU
		{7265E805-6AD7-46DB-86A4-8B08BAD70167}.Debug|x86.ActiveCfg = Debug|Any CPU
		{7265E805-6AD7-46DB-86A4-8B08BAD70167}.Debug|x86.Build.0 = Debug|Any CPU
		{7265E805-6AD7-46DB-86A4-8B08BAD70167}.Release|Any CPU.ActiveCfg = Release|Any CPU
		{7265E805-6AD7-46DB-86A4-8B08BAD70167}.Release|Any CPU.Build.0 = Release|Any CPU
		{7265E805-6AD7-46DB-86A4-8B08BAD70167}.Release|x64.ActiveCfg = Release|Any CPU
		{7265E805-6AD7-46DB-86A4-8B08BAD70167}.Release|x64.Build.0 = Release|Any CPU
		{7265E805-6AD7-46DB-86A4-8B08BAD70167}.Release|x86.ActiveCfg = Release|Any CPU
		{7265E805-6AD7-46DB-86A4-8B08BAD70167}.Release|x86.Build.0 = Release|Any CPU
		{94075130-6FE4-400B-9E0A-F984774C4EB6}.Debug|Any CPU.ActiveCfg = Debug|Any CPU
		{94075130-6FE4-400B-9E0A-F984774C4EB6}.Debug|Any CPU.Build.0 = Debug|Any CPU
		{94075130-6FE4-400B-9E0A-F984774C4EB6}.Debug|x64.ActiveCfg = Debug|Any CPU
		{94075130-6FE4-400B-9E0A-F984774C4EB6}.Debug|x64.Build.0 = Debug|Any CPU
		{94075130-6FE4-400B-9E0A-F984774C4EB6}.Debug|x86.ActiveCfg = Debug|Any CPU
		{94075130-6FE4-400B-9E0A-F984774C4EB6}.Debug|x86.Build.0 = Debug|Any CPU
		{94075130-6FE4-400B-9E0A-F984774C4EB6}.Release|Any CPU.ActiveCfg = Release|Any CPU
		{94075130-6FE4-400B-9E0A-F984774C4EB6}.Release|Any CPU.Build.0 = Release|Any CPU
		{94075130-6FE4-400B-9E0A-F984774C4EB6}.Release|x64.ActiveCfg = Release|Any CPU
		{94075130-6FE4-400B-9E0A-F984774C4EB6}.Release|x64.Build.0 = Release|Any CPU
		{94075130-6FE4-400B-9E0A-F984774C4EB6}.Release|x86.ActiveCfg = Release|Any CPU
		{94075130-6FE4-400B-9E0A-F984774C4EB6}.Release|x86.Build.0 = Release|Any CPU
		{C8D94DE3-ECEE-4ABA-B0B7-F430DA109D45}.Debug|Any CPU.ActiveCfg = Debug|Any CPU
		{C8D94DE3-ECEE-4ABA-B0B7-F430DA109D45}.Debug|Any CPU.Build.0 = Debug|Any CPU
		{C8D94DE3-ECEE-4ABA-B0B7-F430DA109D45}.Debug|x64.ActiveCfg = Debug|Any CPU
		{C8D94DE3-ECEE-4ABA-B0B7-F430DA109D45}.Debug|x64.Build.0 = Debug|Any CPU
		{C8D94DE3-ECEE-4ABA-B0B7-F430DA109D45}.Debug|x86.ActiveCfg = Debug|Any CPU
		{C8D94DE3-ECEE-4ABA-B0B7-F430DA109D45}.Debug|x86.Build.0 = Debug|Any CPU
		{C8D94DE3-ECEE-4ABA-B0B7-F430DA109D45}.Release|Any CPU.ActiveCfg = Release|Any CPU
		{C8D94DE3-ECEE-4ABA-B0B7-F430DA109D45}.Release|Any CPU.Build.0 = Release|Any CPU
		{C8D94DE3-ECEE-4ABA-B0B7-F430DA109D45}.Release|x64.ActiveCfg = Release|Any CPU
		{C8D94DE3-ECEE-4ABA-B0B7-F430DA109D45}.Release|x64.Build.0 = Release|Any CPU
		{C8D94DE3-ECEE-4ABA-B0B7-F430DA109D45}.Release|x86.ActiveCfg = Release|Any CPU
		{C8D94DE3-ECEE-4ABA-B0B7-F430DA109D45}.Release|x86.Build.0 = Release|Any CPU
		{BAE4EA20-FCD0-4DFB-AD75-615B704CF261}.Debug|Any CPU.ActiveCfg = Debug|Any CPU
		{BAE4EA20-FCD0-4DFB-AD75-615B704CF261}.Debug|Any CPU.Build.0 = Debug|Any CPU
		{BAE4EA20-FCD0-4DFB-AD75-615B704CF261}.Debug|x64.ActiveCfg = Debug|Any CPU
		{BAE4EA20-FCD0-4DFB-AD75-615B704CF261}.Debug|x64.Build.0 = Debug|Any CPU
		{BAE4EA20-FCD0-4DFB-AD75-615B704CF261}.Debug|x86.ActiveCfg = Debug|Any CPU
		{BAE4EA20-FCD0-4DFB-AD75-615B704CF261}.Debug|x86.Build.0 = Debug|Any CPU
		{BAE4EA20-FCD0-4DFB-AD75-615B704CF261}.Release|Any CPU.ActiveCfg = Release|Any CPU
		{BAE4EA20-FCD0-4DFB-AD75-615B704CF261}.Release|Any CPU.Build.0 = Release|Any CPU
		{BAE4EA20-FCD0-4DFB-AD75-615B704CF261}.Release|x64.ActiveCfg = Release|Any CPU
		{BAE4EA20-FCD0-4DFB-AD75-615B704CF261}.Release|x64.Build.0 = Release|Any CPU
		{BAE4EA20-FCD0-4DFB-AD75-615B704CF261}.Release|x86.ActiveCfg = Release|Any CPU
		{BAE4EA20-FCD0-4DFB-AD75-615B704CF261}.Release|x86.Build.0 = Release|Any CPU
	EndGlobalSection
	GlobalSection(SolutionProperties) = preSolution
		HideSolutionNode = FALSE
	EndGlobalSection
EndGlobal
